
Microsoft Visual Studio Solution File, Format Version 12.00
# Visual Studio 14
VisualStudioVersion = 14.0.22823.1
MinimumVisualStudioVersion = 10.0.40219.1
Project("{2150E333-8FDC-42A3-9474-1A3956D46DE8}") = "表现层", "表现层", "{30A619B9-B831-405F-BC64-F156AEB1468B}"
EndProject
Project("{2150E333-8FDC-42A3-9474-1A3956D46DE8}") = "基础设施层", "基础设施层", "{2411F57B-3544-46EC-947A-D0A2B6FAF258}"
EndProject
Project("{2150E333-8FDC-42A3-9474-1A3956D46DE8}") = "核心", "核心", "{741EE651-33D4-4392-9F21-EEAE5BE6F1DD}"
EndProject
Project("{FAE04EC0-301F-11D3-BF4B-00C04F79EFBC}") = "EPS.Web", "EPS.Web\EPS.Web.csproj", "{90D36774-5BC6-4874-A222-D935A925EF8E}"
EndProject
Project("{FAE04EC0-301F-11D3-BF4B-00C04F79EFBC}") = "Framework.Data", "EPS.Data\Framework.Data.csproj", "{9759DDAA-B089-4EC4-A1CF-E1DE47B4119C}"
EndProject
Project("{FAE04EC0-301F-11D3-BF4B-00C04F79EFBC}") = "Framework.Core", "EPS.Core\Framework.Core.csproj", "{92C64B1A-8F38-410B-99AD-BE4244170F73}"
EndProject
Project("{FAE04EC0-301F-11D3-BF4B-00C04F79EFBC}") = "EPS.Models", "EPS.Models\EPS.Models.csproj", "{A6E0E561-FD7A-4701-A10C-CD40C64FA56F}"
EndProject
Project("{FAE04EC0-301F-11D3-BF4B-00C04F79EFBC}") = "EPS.DAL", "EPS.DAL\EPS.DAL.csproj", "{0044714D-D61E-4009-9767-0CC9933E71C0}"
EndProject
Project("{FAE04EC0-301F-11D3-BF4B-00C04F79EFBC}") = "EPS.IDAL", "EPS.IDAL\EPS.IDAL.csproj", "{08864C60-831D-4D8B-93B9-8634F693A3C9}"
EndProject
Project("{FAE04EC0-301F-11D3-BF4B-00C04F79EFBC}") = "Framework.Web", "Framework.Web\Framework.Web.csproj", "{51E1061B-7657-45C8-B8C6-F6750AB86DEE}"
EndProject
Global
	GlobalSection(SolutionConfigurationPlatforms) = preSolution
		Debug|Any CPU = Debug|Any CPU
		Release|Any CPU = Release|Any CPU
	EndGlobalSection
	GlobalSection(ProjectConfigurationPlatforms) = postSolution
		{90D36774-5BC6-4874-A222-D935A925EF8E}.Debug|Any CPU.ActiveCfg = Debug|Any CPU
		{90D36774-5BC6-4874-A222-D935A925EF8E}.Debug|Any CPU.Build.0 = Debug|Any CPU
		{90D36774-5BC6-4874-A222-D935A925EF8E}.Release|Any CPU.ActiveCfg = Release|Any CPU
		{90D36774-5BC6-4874-A222-D935A925EF8E}.Release|Any CPU.Build.0 = Release|Any CPU
		{9759DDAA-B089-4EC4-A1CF-E1DE47B4119C}.Debug|Any CPU.ActiveCfg = Debug|Any CPU
		{9759DDAA-B089-4EC4-A1CF-E1DE47B4119C}.Debug|Any CPU.Build.0 = Debug|Any CPU
		{9759DDAA-B089-4EC4-A1CF-E1DE47B4119C}.Release|Any CPU.ActiveCfg = Release|Any CPU
		{9759DDAA-B089-4EC4-A1CF-E1DE47B4119C}.Release|Any CPU.Build.0 = Release|Any CPU
		{92C64B1A-8F38-410B-99AD-BE4244170F73}.Debug|Any CPU.ActiveCfg = Debug|Any CPU
		{92C64B1A-8F38-410B-99AD-BE4244170F73}.Debug|Any CPU.Build.0 = Debug|Any CPU
		{92C64B1A-8F38-410B-99AD-BE4244170F73}.Release|Any CPU.ActiveCfg = Release|Any CPU
		{92C64B1A-8F38-410B-99AD-BE4244170F73}.Release|Any CPU.Build.0 = Release|Any CPU
		{A6E0E561-FD7A-4701-A10C-CD40C64FA56F}.Debug|Any CPU.ActiveCfg = Debug|Any CPU
		{A6E0E561-FD7A-4701-A10C-CD40C64FA56F}.Debug|Any CPU.Build.0 = Debug|Any CPU
		{A6E0E561-FD7A-4701-A10C-CD40C64FA56F}.Release|Any CPU.ActiveCfg = Release|Any CPU
		{A6E0E561-FD7A-4701-A10C-CD40C64FA56F}.Release|Any CPU.Build.0 = Release|Any CPU
		{0044714D-D61E-4009-9767-0CC9933E71C0}.Debug|Any CPU.ActiveCfg = Debug|Any CPU
		{0044714D-D61E-4009-9767-0CC9933E71C0}.Debug|Any CPU.Build.0 = Debug|Any CPU
		{0044714D-D61E-4009-9767-0CC9933E71C0}.Release|Any CPU.ActiveCfg = Release|Any CPU
		{0044714D-D61E-4009-9767-0CC9933E71C0}.Release|Any CPU.Build.0 = Release|Any CPU
		{08864C60-831D-4D8B-93B9-8634F693A3C9}.Debug|Any CPU.ActiveCfg = Debug|Any CPU
		{08864C60-831D-4D8B-93B9-8634F693A3C9}.Debug|Any CPU.Build.0 = Debug|Any CPU
		{08864C60-831D-4D8B-93B9-8634F693A3C9}.Release|Any CPU.ActiveCfg = Release|Any CPU
		{08864C60-831D-4D8B-93B9-8634F693A3C9}.Release|Any CPU.Build.0 = Release|Any CPU
		{51E1061B-7657-45C8-B8C6-F6750AB86DEE}.Debug|Any CPU.ActiveCfg = Debug|Any CPU
		{51E1061B-7657-45C8-B8C6-F6750AB86DEE}.Debug|Any CPU.Build.0 = Debug|Any CPU
		{51E1061B-7657-45C8-B8C6-F6750AB86DEE}.Release|Any CPU.ActiveCfg = Release|Any CPU
		{51E1061B-7657-45C8-B8C6-F6750AB86DEE}.Release|Any CPU.Build.0 = Release|Any CPU
	EndGlobalSection
	GlobalSection(SolutionProperties) = preSolution
		HideSolutionNode = FALSE
	EndGlobalSection
	GlobalSection(NestedProjects) = preSolution
		{90D36774-5BC6-4874-A222-D935A925EF8E} = {30A619B9-B831-405F-BC64-F156AEB1468B}
		{9759DDAA-B089-4EC4-A1CF-E1DE47B4119C} = {2411F57B-3544-46EC-947A-D0A2B6FAF258}
		{92C64B1A-8F38-410B-99AD-BE4244170F73} = {2411F57B-3544-46EC-947A-D0A2B6FAF258}
		{A6E0E561-FD7A-4701-A10C-CD40C64FA56F} = {741EE651-33D4-4392-9F21-EEAE5BE6F1DD}
		{0044714D-D61E-4009-9767-0CC9933E71C0} = {741EE651-33D4-4392-9F21-EEAE5BE6F1DD}
		{08864C60-831D-4D8B-93B9-8634F693A3C9} = {741EE651-33D4-4392-9F21-EEAE5BE6F1DD}
		{51E1061B-7657-45C8-B8C6-F6750AB86DEE} = {30A619B9-B831-405F-BC64-F156AEB1468B}
	EndGlobalSection
EndGlobal
